{
  "version": 4,
  "terraform_version": "1.13.2",
  "serial": 61,
  "lineage": "94578e61-574e-e9ea-ba28-976aa2c9a713",
  "outputs": {},
  "resources": [
    {
      "mode": "data",
      "type": "archive_file",
      "name": "AllFilteredEventConsumerFunction",
      "provider": "provider[\"registry.terraform.io/hashicorp/archive\"]",
      "instances": [
        {
          "schema_version": 0,
          "attributes": {
            "exclude_symlink_directories": null,
            "excludes": null,
            "id": "d03937d49f4b7dbe677210a5a74699fcecc1f210",
            "output_base64sha256": "K9g9P8KGZ554NkJDlywzHwAbThIo0HsBwMiVl20tP7M=",
            "output_base64sha512": "krpcO2mnex5aIncxt/ry03QEIzXmCj7KvGI1aGqY0FeqH9IMUJfYITY0aO+CSba8WsR7CttiGerDFCvvqprWDw==",
            "output_file_mode": null,
            "output_md5": "3df348fe0ba887c7c3a54a4d80d529ee",
            "output_path": "./archive/consumer.zip",
            "output_sha": "d03937d49f4b7dbe677210a5a74699fcecc1f210",
            "output_sha256": "2bd83d3fc286679e78364243972c331f001b4e1228d07b01c0c895976d2d3fb3",
            "output_sha512": "92ba5c3b69a77b1e5a227731b7faf2d374042335e60a3ecabc6235686a98d057aa1fd20c5097d821363468ef8249b6bc5ac47b0adb6219eac3142befaa9ad60f",
            "output_size": 1422,
            "source": [],
            "source_content": null,
            "source_content_filename": null,
            "source_dir": "../src/consumer/",
            "source_file": null,
            "type": "zip"
          },
          "sensitive_attributes": [],
          "identity_schema_version": 0
        }
      ]
    },
    {
      "mode": "data",
      "type": "archive_file",
      "name": "IoTMetricsEventProcessorFunction",
      "provider": "provider[\"registry.terraform.io/hashicorp/archive\"]",
      "instances": [
        {
          "schema_version": 0,
          "attributes": {
            "exclude_symlink_directories": null,
            "excludes": null,
            "id": "9f54a6f20d842c868e7978578956ead971245328",
            "output_base64sha256": "hLrCaLhZyQ+8L0ZwDikgBEbqOidBk3esoX6b8RRaGII=",
            "output_base64sha512": "e9RRe8vFvlTJHA3/UGySSvT/PAiEfmTsvyjh56UdfVcj/07TLWceQYMTfyTWj/TEOydBLLm5Tpxi/aXZ/MSTEQ==",
            "output_file_mode": null,
            "output_md5": "dd6ea8b16d530ed5e0b50e96b35b9414",
            "output_path": "./archive/eventprocessor.zip",
            "output_sha": "9f54a6f20d842c868e7978578956ead971245328",
            "output_sha256": "84bac268b859c90fbc2f46700e29200446ea3a27419377aca17e9bf1145a1882",
            "output_sha512": "7bd4517bcbc5be54c91c0dff506c924af4ff3c08847e64ecbf28e1e7a51d7d5723ff4ed32d671e4183137f24d68ff4c43b27412cb9b94e9c62fda5d9fcc49311",
            "output_size": 707,
            "source": [],
            "source_content": null,
            "source_content_filename": null,
            "source_dir": null,
            "source_file": "../src/processor/eventprocessor.js",
            "type": "zip"
          },
          "sensitive_attributes": [],
          "identity_schema_version": 0
        }
      ]
    },
    {
      "mode": "data",
      "type": "aws_caller_identity",
      "name": "current",
      "provider": "provider[\"registry.terraform.io/hashicorp/aws\"]",
      "instances": [
        {
          "schema_version": 0,
          "attributes": {
            "account_id": "905418148480",
            "arn": "arn:aws:iam::905418148480:user/duyanh",
            "id": "905418148480",
            "user_id": "AIDA5FTZARKAAVLWH64ZQ"
          },
          "sensitive_attributes": [],
          "identity_schema_version": 0
        }
      ]
    },
    {
      "mode": "data",
      "type": "aws_iam_policy_document",
      "name": "sns_topic_policy",
      "provider": "provider[\"registry.terraform.io/hashicorp/aws\"]",
      "instances": [
        {
          "schema_version": 0,
          "attributes": {
            "id": "3599574758",
            "json": "{\n  \"Version\": \"2012-10-17\",\n  \"Id\": \"__default_policy_ID\",\n  \"Statement\": [\n    {\n      \"Sid\": \"__default_statement_ID\",\n      \"Effect\": \"Allow\",\n      \"Action\": [\n        \"SNS:Subscribe\",\n        \"SNS:SetTopicAttributes\",\n        \"SNS:RemovePermission\",\n        \"SNS:Receive\",\n        \"SNS:Publish\",\n        \"SNS:ListSubscriptionsByTopic\",\n        \"SNS:GetTopicAttributes\",\n        \"SNS:DeleteTopic\",\n        \"SNS:AddPermission\"\n      ],\n      \"Resource\": \"arn:aws:sns:ap-southeast-1:905418148480:sns-topic\",\n      \"Principal\": {\n        \"AWS\": \"*\"\n      },\n      \"Condition\": {\n        \"StringEquals\": {\n          \"AWS:SourceOwner\": \"905418148480\"\n        }\n      }\n    }\n  ]\n}",
            "override_policy_documents": null,
            "policy_id": "__default_policy_ID",
            "source_policy_documents": null,
            "statement": [
              {
                "actions": [
                  "SNS:AddPermission",
                  "SNS:DeleteTopic",
                  "SNS:GetTopicAttributes",
                  "SNS:ListSubscriptionsByTopic",
                  "SNS:Publish",
                  "SNS:Receive",
                  "SNS:RemovePermission",
                  "SNS:SetTopicAttributes",
                  "SNS:Subscribe"
                ],
                "condition": [
                  {
                    "test": "StringEquals",
                    "values": [
                      "905418148480"
                    ],
                    "variable": "AWS:SourceOwner"
                  }
                ],
                "effect": "Allow",
                "not_actions": [],
                "not_principals": [],
                "not_resources": [],
                "principals": [
                  {
                    "identifiers": [
                      "*"
                    ],
                    "type": "AWS"
                  }
                ],
                "resources": [
                  "arn:aws:sns:ap-southeast-1:905418148480:sns-topic"
                ],
                "sid": "__default_statement_ID"
              }
            ],
            "version": "2012-10-17"
          },
          "sensitive_attributes": [],
          "identity_schema_version": 0
        }
      ]
    },
    {
      "mode": "managed",
      "type": "aws_dynamodb_table",
      "name": "IOT_DB",
      "provider": "provider[\"registry.terraform.io/hashicorp/aws\"]",
      "instances": [
        {
          "schema_version": 1,
          "attributes": {
            "arn": "arn:aws:dynamodb:ap-southeast-1:905418148480:table/IOT_DB",
            "attribute": [
              {
                "name": "ID",
                "type": "S"
              }
            ],
            "billing_mode": "PAY_PER_REQUEST",
            "deletion_protection_enabled": false,
            "global_secondary_index": [],
            "hash_key": "ID",
            "id": "IOT_DB",
            "local_secondary_index": [],
            "name": "IOT_DB",
            "point_in_time_recovery": [
              {
                "enabled": false
              }
            ],
            "range_key": null,
            "read_capacity": 0,
            "replica": [],
            "restore_date_time": null,
            "restore_source_name": null,
            "restore_to_latest_time": null,
            "server_side_encryption": [],
            "stream_arn": "",
            "stream_enabled": false,
            "stream_label": "",
            "stream_view_type": "",
            "table_class": "STANDARD",
            "tags": {
              "Environment": "production",
              "Name": "IOT_DB"
            },
            "tags_all": {
              "Environment": "production",
              "Name": "IOT_DB"
            },
            "timeouts": null,
            "ttl": [
              {
                "attribute_name": "",
                "enabled": false
              }
            ],
            "write_capacity": 0
          },
          "sensitive_attributes": [],
          "identity_schema_version": 0,
          "private": "eyJlMmJmYjczMC1lY2FhLTExZTYtOGY4OC0zNDM2M2JjN2M0YzAiOnsiY3JlYXRlIjoxODAwMDAwMDAwMDAwLCJkZWxldGUiOjYwMDAwMDAwMDAwMCwidXBkYXRlIjozNjAwMDAwMDAwMDAwfSwic2NoZW1hX3ZlcnNpb24iOiIxIn0="
        }
      ]
    },
    {
      "mode": "managed",
      "type": "aws_iam_role",
      "name": "lambda_func_role",
      "provider": "provider[\"registry.terraform.io/hashicorp/aws\"]",
      "instances": [
        {
          "schema_version": 0,
          "attributes": {
            "arn": "arn:aws:iam::905418148480:role/lambda_func_role",
            "assume_role_policy": "{\"Statement\":[{\"Action\":\"sts:AssumeRole\",\"Effect\":\"Allow\",\"Principal\":{\"Service\":\"lambda.amazonaws.com\"},\"Sid\":\"\"}],\"Version\":\"2012-10-17\"}",
            "create_date": "2026-04-02T08:34:15Z",
            "description": "",
            "force_detach_policies": false,
            "id": "lambda_func_role",
            "inline_policy": [],
            "managed_policy_arns": [],
            "max_session_duration": 3600,
            "name": "lambda_func_role",
            "name_prefix": "",
            "path": "/",
            "permissions_boundary": null,
            "tags": {},
            "tags_all": {},
            "unique_id": "AROA5FTZARKALY57IHIGN"
          },
          "sensitive_attributes": [],
          "identity_schema_version": 0,
          "private": "bnVsbA=="
        }
      ]
    },
    {
      "mode": "managed",
      "type": "aws_iam_role_policy_attachment",
      "name": "lambda_basic",
      "provider": "provider[\"registry.terraform.io/hashicorp/aws\"]",
      "instances": [
        {
          "schema_version": 0,
          "attributes": {
            "id": "lambda_func_role-20260402085747144400000001",
            "policy_arn": "arn:aws:iam::aws:policy/service-role/AWSLambdaBasicExecutionRole",
            "role": "lambda_func_role"
          },
          "sensitive_attributes": [],
          "identity_schema_version": 0,
          "private": "bnVsbA==",
          "dependencies": [
            "aws_iam_role.lambda_func_role"
          ]
        }
      ]
    },
    {
      "mode": "managed",
      "type": "aws_iam_role_policy_attachment",
      "name": "lambda_sqs",
      "provider": "provider[\"registry.terraform.io/hashicorp/aws\"]",
      "instances": [
        {
          "schema_version": 0,
          "attributes": {
            "id": "lambda_func_role-20260402085747144400000002",
            "policy_arn": "arn:aws:iam::aws:policy/service-role/AWSLambdaSQSQueueExecutionRole",
            "role": "lambda_func_role"
          },
          "sensitive_attributes": [],
          "identity_schema_version": 0,
          "private": "bnVsbA==",
          "dependencies": [
            "aws_iam_role.lambda_func_role"
          ]
        }
      ]
    },
    {
      "mode": "managed",
      "type": "aws_iot_thing",
      "name": "IotSensorThing",
      "provider": "provider[\"registry.terraform.io/hashicorp/aws\"]",
      "instances": [
        {
          "schema_version": 0,
          "attributes": {
            "arn": "arn:aws:iot:ap-southeast-1:905418148480:thing/IotSensorThing",
            "attributes": {
              "First": "AttributeAValue"
            },
            "default_client_id": "IotSensorThing",
            "id": "IotSensorThing",
            "name": "IotSensorThing",
            "thing_type_name": "",
            "version": 1
          },
          "sensitive_attributes": [],
          "identity_schema_version": 0,
          "private": "bnVsbA=="
        }
      ]
    },
    {
      "mode": "managed",
      "type": "aws_iot_topic_rule",
      "name": "iot_sensor_thing",
      "provider": "provider[\"registry.terraform.io/hashicorp/aws\"]",
      "instances": [
        {
          "schema_version": 0,
          "attributes": {
            "arn": "arn:aws:iot:ap-southeast-1:905418148480:rule/IotSensorthing",
            "cloudwatch_alarm": [],
            "cloudwatch_logs": [],
            "cloudwatch_metric": [],
            "description": "",
            "dynamodb": [],
            "dynamodbv2": [],
            "elasticsearch": [],
            "enabled": true,
            "error_action": [],
            "firehose": [],
            "http": [],
            "id": "IotSensorthing",
            "iot_analytics": [],
            "iot_events": [],
            "kafka": [],
            "kinesis": [],
            "lambda": [
              {
                "function_arn": "arn:aws:lambda:ap-southeast-1:905418148480:function:IOT_metrics_event_processor_function"
              }
            ],
            "name": "IotSensorthing",
            "republish": [],
            "s3": [],
            "sns": [],
            "sql": "SELECT * FROM 'device/iotsensors'",
            "sql_version": "2016-03-23",
            "sqs": [],
            "step_functions": [],
            "tags": {},
            "tags_all": {},
            "timestream": []
          },
          "sensitive_attributes": [],
          "identity_schema_version": 0,
          "private": "bnVsbA==",
          "dependencies": [
            "aws_iam_role.lambda_func_role",
            "aws_lambda_function.IOT_metrics_event_processor_function",
            "aws_sns_topic.sns-topic",
            "data.archive_file.IoTMetricsEventProcessorFunction"
          ]
        }
      ]
    },
    {
      "mode": "managed",
      "type": "aws_lambda_event_source_mapping",
      "name": "map_sqs_queue",
      "provider": "provider[\"registry.terraform.io/hashicorp/aws\"]",
      "instances": [
        {
          "schema_version": 0,
          "attributes": {
            "amazon_managed_kafka_event_source_config": [],
            "batch_size": 10,
            "bisect_batch_on_function_error": false,
            "destination_config": [],
            "document_db_event_source_config": [],
            "enabled": true,
            "event_source_arn": "arn:aws:sqs:ap-southeast-1:905418148480:metric-sqs-queue",
            "filter_criteria": [],
            "function_arn": "arn:aws:lambda:ap-southeast-1:905418148480:function:IOT_metrics_event_processor_function",
            "function_name": "arn:aws:lambda:ap-southeast-1:905418148480:function:IOT_metrics_event_processor_function",
            "function_response_types": null,
            "id": "391f3672-eb63-4b28-b017-484b4702fd95",
            "last_modified": "2026-04-02T08:58:04Z",
            "last_processing_result": "",
            "maximum_batching_window_in_seconds": 0,
            "maximum_record_age_in_seconds": 0,
            "maximum_retry_attempts": 0,
            "parallelization_factor": 0,
            "queues": null,
            "scaling_config": [
              {
                "maximum_concurrency": 100
              }
            ],
            "self_managed_event_source": [],
            "self_managed_kafka_event_source_config": [],
            "source_access_configuration": [],
            "starting_position": "",
            "starting_position_timestamp": "",
            "state": "Enabled",
            "state_transition_reason": "USER_INITIATED",
            "topics": null,
            "tumbling_window_in_seconds": 0,
            "uuid": "391f3672-eb63-4b28-b017-484b4702fd95"
          },
          "sensitive_attributes": [],
          "identity_schema_version": 0,
          "private": "bnVsbA==",
          "dependencies": [
            "aws_iam_role.lambda_func_role",
            "aws_lambda_function.IOT_metrics_event_processor_function",
            "aws_sns_topic.sns-topic",
            "aws_sqs_queue.sqs_dl_queue",
            "aws_sqs_queue.sqs_queue",
            "data.archive_file.IoTMetricsEventProcessorFunction"
          ]
        }
      ]
    },
    {
      "mode": "managed",
      "type": "aws_lambda_function",
      "name": "IOT_metrics_event_processor_function",
      "provider": "provider[\"registry.terraform.io/hashicorp/aws\"]",
      "instances": [
        {
          "schema_version": 0,
          "attributes": {
            "architectures": [
              "x86_64"
            ],
            "arn": "arn:aws:lambda:ap-southeast-1:905418148480:function:IOT_metrics_event_processor_function",
            "code_signing_config_arn": "",
            "dead_letter_config": [],
            "description": "",
            "environment": [
              {
                "variables": {
                  "SNStopic": "arn:aws:sns:ap-southeast-1:905418148480:sns-topic"
                }
              }
            ],
            "ephemeral_storage": [
              {
                "size": 512
              }
            ],
            "file_system_config": [],
            "filename": "./archive/eventprocessor.zip",
            "function_name": "IOT_metrics_event_processor_function",
            "handler": "eventprocessor.handler",
            "id": "IOT_metrics_event_processor_function",
            "image_config": [],
            "image_uri": "",
            "invoke_arn": "arn:aws:apigateway:ap-southeast-1:lambda:path/2015-03-31/functions/arn:aws:lambda:ap-southeast-1:905418148480:function:IOT_metrics_event_processor_function/invocations",
            "kms_key_arn": "",
            "last_modified": "2026-04-02T08:34:26.634+0000",
            "layers": [],
            "memory_size": 128,
            "package_type": "Zip",
            "publish": false,
            "qualified_arn": "arn:aws:lambda:ap-southeast-1:905418148480:function:IOT_metrics_event_processor_function:$LATEST",
            "qualified_invoke_arn": "arn:aws:apigateway:ap-southeast-1:lambda:path/2015-03-31/functions/arn:aws:lambda:ap-southeast-1:905418148480:function:IOT_metrics_event_processor_function:$LATEST/invocations",
            "replace_security_groups_on_destroy": null,
            "replacement_security_group_ids": null,
            "reserved_concurrent_executions": -1,
            "role": "arn:aws:iam::905418148480:role/lambda_func_role",
            "runtime": "nodejs16.x",
            "s3_bucket": null,
            "s3_key": null,
            "s3_object_version": null,
            "signing_job_arn": "",
            "signing_profile_version_arn": "",
            "skip_destroy": false,
            "snap_start": [],
            "source_code_hash": "hLrCaLhZyQ+8L0ZwDikgBEbqOidBk3esoX6b8RRaGII=",
            "source_code_size": 707,
            "tags": {},
            "tags_all": {},
            "timeout": 3,
            "timeouts": null,
            "tracing_config": [
              {
                "mode": "PassThrough"
              }
            ],
            "version": "$LATEST",
            "vpc_config": []
          },
          "sensitive_attributes": [],
          "identity_schema_version": 0,
          "private": "eyJlMmJmYjczMC1lY2FhLTExZTYtOGY4OC0zNDM2M2JjN2M0YzAiOnsiY3JlYXRlIjo2MDAwMDAwMDAwMDAsImRlbGV0ZSI6NjAwMDAwMDAwMDAwLCJ1cGRhdGUiOjYwMDAwMDAwMDAwMH19",
          "dependencies": [
            "aws_iam_role.lambda_func_role",
            "aws_sns_topic.sns-topic",
            "data.archive_file.IoTMetricsEventProcessorFunction"
          ]
        }
      ]
    },
    {
      "mode": "managed",
      "type": "aws_lambda_function",
      "name": "consumer_function",
      "provider": "provider[\"registry.terraform.io/hashicorp/aws\"]",
      "instances": [
        {
          "schema_version": 0,
          "attributes": {
            "architectures": [
              "x86_64"
            ],
            "arn": "arn:aws:lambda:ap-southeast-1:905418148480:function:consumer_function",
            "code_signing_config_arn": "",
            "dead_letter_config": [],
            "description": "",
            "environment": [
              {
                "variables": {
                  "DatabaseTable": "arn:aws:dynamodb:ap-southeast-1:905418148480:table/IOT_DB"
                }
              }
            ],
            "ephemeral_storage": [
              {
                "size": 512
              }
            ],
            "file_system_config": [],
            "filename": "./archive/consumer.zip",
            "function_name": "consumer_function",
            "handler": "allfilteredeventconsumer.handler",
            "id": "consumer_function",
            "image_config": [],
            "image_uri": "",
            "invoke_arn": "arn:aws:apigateway:ap-southeast-1:lambda:path/2015-03-31/functions/arn:aws:lambda:ap-southeast-1:905418148480:function:consumer_function/invocations",
            "kms_key_arn": "",
            "last_modified": "2026-04-02T08:34:33.591+0000",
            "layers": [],
            "memory_size": 128,
            "package_type": "Zip",
            "publish": false,
            "qualified_arn": "arn:aws:lambda:ap-southeast-1:905418148480:function:consumer_function:$LATEST",
            "qualified_invoke_arn": "arn:aws:apigateway:ap-southeast-1:lambda:path/2015-03-31/functions/arn:aws:lambda:ap-southeast-1:905418148480:function:consumer_function:$LATEST/invocations",
            "replace_security_groups_on_destroy": null,
            "replacement_security_group_ids": null,
            "reserved_concurrent_executions": -1,
            "role": "arn:aws:iam::905418148480:role/lambda_func_role",
            "runtime": "nodejs16.x",
            "s3_bucket": null,
            "s3_key": null,
            "s3_object_version": null,
            "signing_job_arn": "",
            "signing_profile_version_arn": "",
            "skip_destroy": false,
            "snap_start": [],
            "source_code_hash": "K9g9P8KGZ554NkJDlywzHwAbThIo0HsBwMiVl20tP7M=",
            "source_code_size": 1422,
            "tags": {},
            "tags_all": {},
            "timeout": 3,
            "timeouts": null,
            "tracing_config": [
              {
                "mode": "PassThrough"
              }
            ],
            "version": "$LATEST",
            "vpc_config": []
          },
          "sensitive_attributes": [],
          "identity_schema_version": 0,
          "private": "eyJlMmJmYjczMC1lY2FhLTExZTYtOGY4OC0zNDM2M2JjN2M0YzAiOnsiY3JlYXRlIjo2MDAwMDAwMDAwMDAsImRlbGV0ZSI6NjAwMDAwMDAwMDAwLCJ1cGRhdGUiOjYwMDAwMDAwMDAwMH19",
          "dependencies": [
            "aws_dynamodb_table.IOT_DB",
            "aws_iam_role.lambda_func_role",
            "data.archive_file.AllFilteredEventConsumerFunction"
          ]
        }
      ]
    },
    {
      "mode": "managed",
      "type": "aws_sns_topic",
      "name": "sns-topic",
      "provider": "provider[\"registry.terraform.io/hashicorp/aws\"]",
      "instances": [
        {
          "schema_version": 0,
          "attributes": {
            "application_failure_feedback_role_arn": "",
            "application_success_feedback_role_arn": "",
            "application_success_feedback_sample_rate": 0,
            "arn": "arn:aws:sns:ap-southeast-1:905418148480:sns-topic",
            "content_based_deduplication": false,
            "delivery_policy": "",
            "display_name": "",
            "fifo_topic": false,
            "firehose_failure_feedback_role_arn": "",
            "firehose_success_feedback_role_arn": "",
            "firehose_success_feedback_sample_rate": 0,
            "http_failure_feedback_role_arn": "",
            "http_success_feedback_role_arn": "",
            "http_success_feedback_sample_rate": 0,
            "id": "arn:aws:sns:ap-southeast-1:905418148480:sns-topic",
            "kms_master_key_id": "",
            "lambda_failure_feedback_role_arn": "",
            "lambda_success_feedback_role_arn": "",
            "lambda_success_feedback_sample_rate": 0,
            "name": "sns-topic",
            "name_prefix": "",
            "owner": "905418148480",
            "policy": "{\"Id\":\"__default_policy_ID\",\"Statement\":[{\"Action\":[\"SNS:Subscribe\",\"SNS:SetTopicAttributes\",\"SNS:RemovePermission\",\"SNS:Receive\",\"SNS:Publish\",\"SNS:ListSubscriptionsByTopic\",\"SNS:GetTopicAttributes\",\"SNS:DeleteTopic\",\"SNS:AddPermission\"],\"Condition\":{\"StringEquals\":{\"AWS:SourceOwner\":\"905418148480\"}},\"Effect\":\"Allow\",\"Principal\":{\"AWS\":\"*\"},\"Resource\":\"arn:aws:sns:ap-southeast-1:905418148480:sns-topic\",\"Sid\":\"__default_statement_ID\"}],\"Version\":\"2012-10-17\"}",
            "signature_version": 0,
            "sqs_failure_feedback_role_arn": "",
            "sqs_success_feedback_role_arn": "",
            "sqs_success_feedback_sample_rate": 0,
            "tags": {},
            "tags_all": {},
            "tracing_config": ""
          },
          "sensitive_attributes": [],
          "identity_schema_version": 0,
          "private": "bnVsbA=="
        }
      ]
    },
    {
      "mode": "managed",
      "type": "aws_sns_topic_policy",
      "name": "sns-topic-policy",
      "provider": "provider[\"registry.terraform.io/hashicorp/aws\"]",
      "instances": [
        {
          "schema_version": 0,
          "attributes": {
            "arn": "arn:aws:sns:ap-southeast-1:905418148480:sns-topic",
            "id": "arn:aws:sns:ap-southeast-1:905418148480:sns-topic",
            "owner": "905418148480",
            "policy": "{\"Id\":\"__default_policy_ID\",\"Statement\":[{\"Action\":[\"SNS:Subscribe\",\"SNS:SetTopicAttributes\",\"SNS:RemovePermission\",\"SNS:Receive\",\"SNS:Publish\",\"SNS:ListSubscriptionsByTopic\",\"SNS:GetTopicAttributes\",\"SNS:DeleteTopic\",\"SNS:AddPermission\"],\"Condition\":{\"StringEquals\":{\"AWS:SourceOwner\":\"905418148480\"}},\"Effect\":\"Allow\",\"Principal\":{\"AWS\":\"*\"},\"Resource\":\"arn:aws:sns:ap-southeast-1:905418148480:sns-topic\",\"Sid\":\"__default_statement_ID\"}],\"Version\":\"2012-10-17\"}"
          },
          "sensitive_attributes": [],
          "identity_schema_version": 0,
          "private": "bnVsbA==",
          "dependencies": [
            "aws_sns_topic.sns-topic",
            "data.aws_caller_identity.current",
            "data.aws_iam_policy_document.sns_topic_policy"
          ]
        }
      ]
    },
    {
      "mode": "managed",
      "type": "aws_sns_topic_subscription",
      "name": "sqs_subcribtion",
      "provider": "provider[\"registry.terraform.io/hashicorp/aws\"]",
      "instances": [
        {
          "index_key": "humidity-sqs-queue",
          "schema_version": 0,
          "attributes": {
            "arn": "arn:aws:sns:ap-southeast-1:905418148480:sns-topic:f45c2458-af22-49cf-b589-80dfe9fda6ce",
            "confirmation_timeout_in_minutes": 1,
            "confirmation_was_authenticated": true,
            "delivery_policy": "",
            "endpoint": "arn:aws:sqs:ap-southeast-1:905418148480:humidity-sqs-queue",
            "endpoint_auto_confirms": false,
            "filter_policy": "",
            "filter_policy_scope": "",
            "id": "arn:aws:sns:ap-southeast-1:905418148480:sns-topic:f45c2458-af22-49cf-b589-80dfe9fda6ce",
            "owner_id": "905418148480",
            "pending_confirmation": false,
            "protocol": "sqs",
            "raw_message_delivery": false,
            "redrive_policy": "",
            "subscription_role_arn": "",
            "topic_arn": "arn:aws:sns:ap-southeast-1:905418148480:sns-topic"
          },
          "sensitive_attributes": [],
          "identity_schema_version": 0,
          "private": "bnVsbA==",
          "dependencies": [
            "aws_sns_topic.sns-topic",
            "aws_sqs_queue.sqs_dl_queue",
            "aws_sqs_queue.sqs_queue"
          ]
        },
        {
          "index_key": "metric-sqs-queue",
          "schema_version": 0,
          "attributes": {
            "arn": "arn:aws:sns:ap-southeast-1:905418148480:sns-topic:ddb40f09-9716-44fa-b9c1-a4cffa3a4361",
            "confirmation_timeout_in_minutes": 1,
            "confirmation_was_authenticated": true,
            "delivery_policy": "",
            "endpoint": "arn:aws:sqs:ap-southeast-1:905418148480:metric-sqs-queue",
            "endpoint_auto_confirms": false,
            "filter_policy": "",
            "filter_policy_scope": "",
            "id": "arn:aws:sns:ap-southeast-1:905418148480:sns-topic:ddb40f09-9716-44fa-b9c1-a4cffa3a4361",
            "owner_id": "905418148480",
            "pending_confirmation": false,
            "protocol": "sqs",
            "raw_message_delivery": false,
            "redrive_policy": "",
            "subscription_role_arn": "",
            "topic_arn": "arn:aws:sns:ap-southeast-1:905418148480:sns-topic"
          },
          "sensitive_attributes": [],
          "identity_schema_version": 0,
          "private": "bnVsbA==",
          "dependencies": [
            "aws_sns_topic.sns-topic",
            "aws_sqs_queue.sqs_dl_queue",
            "aws_sqs_queue.sqs_queue"
          ]
        },
        {
          "index_key": "temprature-sqs-queue",
          "schema_version": 0,
          "attributes": {
            "arn": "arn:aws:sns:ap-southeast-1:905418148480:sns-topic:31014ba6-b785-4fe0-b32a-68712fbf7e4d",
            "confirmation_timeout_in_minutes": 1,
            "confirmation_was_authenticated": true,
            "delivery_policy": "",
            "endpoint": "arn:aws:sqs:ap-southeast-1:905418148480:temprature-sqs-queue",
            "endpoint_auto_confirms": false,
            "filter_policy": "",
            "filter_policy_scope": "",
            "id": "arn:aws:sns:ap-southeast-1:905418148480:sns-topic:31014ba6-b785-4fe0-b32a-68712fbf7e4d",
            "owner_id": "905418148480",
            "pending_confirmation": false,
            "protocol": "sqs",
            "raw_message_delivery": false,
            "redrive_policy": "",
            "subscription_role_arn": "",
            "topic_arn": "arn:aws:sns:ap-southeast-1:905418148480:sns-topic"
          },
          "sensitive_attributes": [],
          "identity_schema_version": 0,
          "private": "bnVsbA==",
          "dependencies": [
            "aws_sns_topic.sns-topic",
            "aws_sqs_queue.sqs_dl_queue",
            "aws_sqs_queue.sqs_queue"
          ]
        }
      ]
    },
    {
      "mode": "managed",
      "type": "aws_sqs_queue",
      "name": "sqs_dl_queue",
      "provider": "provider[\"registry.terraform.io/hashicorp/aws\"]",
      "instances": [
        {
          "index_key": "humidity-sqs-queue",
          "schema_version": 0,
          "attributes": {
            "arn": "arn:aws:sqs:ap-southeast-1:905418148480:humidity-sqs-queue-dlq",
            "content_based_deduplication": false,
            "deduplication_scope": "",
            "delay_seconds": 0,
            "fifo_queue": false,
            "fifo_throughput_limit": "",
            "id": "https://sqs.ap-southeast-1.amazonaws.com/905418148480/humidity-sqs-queue-dlq",
            "kms_data_key_reuse_period_seconds": 300,
            "kms_master_key_id": "",
            "max_message_size": 262144,
            "message_retention_seconds": 345600,
            "name": "humidity-sqs-queue-dlq",
            "name_prefix": "",
            "policy": "",
            "receive_wait_time_seconds": 0,
            "redrive_allow_policy": "",
            "redrive_policy": "",
            "sqs_managed_sse_enabled": true,
            "tags": {},
            "tags_all": {},
            "url": "https://sqs.ap-southeast-1.amazonaws.com/905418148480/humidity-sqs-queue-dlq",
            "visibility_timeout_seconds": 30
          },
          "sensitive_attributes": [],
          "identity_schema_version": 0,
          "private": "bnVsbA=="
        },
        {
          "index_key": "metric-sqs-queue",
          "schema_version": 0,
          "attributes": {
            "arn": "arn:aws:sqs:ap-southeast-1:905418148480:metric-sqs-queue-dlq",
            "content_based_deduplication": false,
            "deduplication_scope": "",
            "delay_seconds": 0,
            "fifo_queue": false,
            "fifo_throughput_limit": "",
            "id": "https://sqs.ap-southeast-1.amazonaws.com/905418148480/metric-sqs-queue-dlq",
            "kms_data_key_reuse_period_seconds": 300,
            "kms_master_key_id": "",
            "max_message_size": 262144,
            "message_retention_seconds": 345600,
            "name": "metric-sqs-queue-dlq",
            "name_prefix": "",
            "policy": "",
            "receive_wait_time_seconds": 0,
            "redrive_allow_policy": "",
            "redrive_policy": "",
            "sqs_managed_sse_enabled": true,
            "tags": {},
            "tags_all": {},
            "url": "https://sqs.ap-southeast-1.amazonaws.com/905418148480/metric-sqs-queue-dlq",
            "visibility_timeout_seconds": 30
          },
          "sensitive_attributes": [],
          "identity_schema_version": 0,
          "private": "bnVsbA=="
        },
        {
          "index_key": "temprature-sqs-queue",
          "schema_version": 0,
          "attributes": {
            "arn": "arn:aws:sqs:ap-southeast-1:905418148480:temprature-sqs-queue-dlq",
            "content_based_deduplication": false,
            "deduplication_scope": "",
            "delay_seconds": 0,
            "fifo_queue": false,
            "fifo_throughput_limit": "",
            "id": "https://sqs.ap-southeast-1.amazonaws.com/905418148480/temprature-sqs-queue-dlq",
            "kms_data_key_reuse_period_seconds": 300,
            "kms_master_key_id": "",
            "max_message_size": 262144,
            "message_retention_seconds": 345600,
            "name": "temprature-sqs-queue-dlq",
            "name_prefix": "",
            "policy": "",
            "receive_wait_time_seconds": 0,
            "redrive_allow_policy": "",
            "redrive_policy": "",
            "sqs_managed_sse_enabled": true,
            "tags": {},
            "tags_all": {},
            "url": "https://sqs.ap-southeast-1.amazonaws.com/905418148480/temprature-sqs-queue-dlq",
            "visibility_timeout_seconds": 30
          },
          "sensitive_attributes": [],
          "identity_schema_version": 0,
          "private": "bnVsbA=="
        }
      ]
    },
    {
      "mode": "managed",
      "type": "aws_sqs_queue",
      "name": "sqs_queue",
      "provider": "provider[\"registry.terraform.io/hashicorp/aws\"]",
      "instances": [
        {
          "index_key": "humidity-sqs-queue",
          "schema_version": 0,
          "attributes": {
            "arn": "arn:aws:sqs:ap-southeast-1:905418148480:humidity-sqs-queue",
            "content_based_deduplication": false,
            "deduplication_scope": "",
            "delay_seconds": 0,
            "fifo_queue": false,
            "fifo_throughput_limit": "",
            "id": "https://sqs.ap-southeast-1.amazonaws.com/905418148480/humidity-sqs-queue",
            "kms_data_key_reuse_period_seconds": 300,
            "kms_master_key_id": "",
            "max_message_size": 262144,
            "message_retention_seconds": 345600,
            "name": "humidity-sqs-queue",
            "name_prefix": "",
            "policy": "",
            "receive_wait_time_seconds": 0,
            "redrive_allow_policy": "",
            "redrive_policy": "{\"deadLetterTargetArn\":\"arn:aws:sqs:ap-southeast-1:905418148480:humidity-sqs-queue-dlq\",\"maxReceiveCount\":4}",
            "sqs_managed_sse_enabled": true,
            "tags": {},
            "tags_all": {},
            "url": "https://sqs.ap-southeast-1.amazonaws.com/905418148480/humidity-sqs-queue",
            "visibility_timeout_seconds": 30
          },
          "sensitive_attributes": [],
          "identity_schema_version": 0,
          "private": "bnVsbA==",
          "dependencies": [
            "aws_sqs_queue.sqs_dl_queue"
          ]
        },
        {
          "index_key": "metric-sqs-queue",
          "schema_version": 0,
          "attributes": {
            "arn": "arn:aws:sqs:ap-southeast-1:905418148480:metric-sqs-queue",
            "content_based_deduplication": false,
            "deduplication_scope": "",
            "delay_seconds": 0,
            "fifo_queue": false,
            "fifo_throughput_limit": "",
            "id": "https://sqs.ap-southeast-1.amazonaws.com/905418148480/metric-sqs-queue",
            "kms_data_key_reuse_period_seconds": 300,
            "kms_master_key_id": "",
            "max_message_size": 262144,
            "message_retention_seconds": 345600,
            "name": "metric-sqs-queue",
            "name_prefix": "",
            "policy": "",
            "receive_wait_time_seconds": 0,
            "redrive_allow_policy": "",
            "redrive_policy": "{\"deadLetterTargetArn\":\"arn:aws:sqs:ap-southeast-1:905418148480:metric-sqs-queue-dlq\",\"maxReceiveCount\":4}",
            "sqs_managed_sse_enabled": true,
            "tags": {},
            "tags_all": {},
            "url": "https://sqs.ap-southeast-1.amazonaws.com/905418148480/metric-sqs-queue",
            "visibility_timeout_seconds": 30
          },
          "sensitive_attributes": [],
          "identity_schema_version": 0,
          "private": "bnVsbA==",
          "dependencies": [
            "aws_sqs_queue.sqs_dl_queue"
          ]
        },
        {
          "index_key": "temprature-sqs-queue",
          "schema_version": 0,
          "attributes": {
            "arn": "arn:aws:sqs:ap-southeast-1:905418148480:temprature-sqs-queue",
            "content_based_deduplication": false,
            "deduplication_scope": "",
            "delay_seconds": 0,
            "fifo_queue": false,
            "fifo_throughput_limit": "",
            "id": "https://sqs.ap-southeast-1.amazonaws.com/905418148480/temprature-sqs-queue",
            "kms_data_key_reuse_period_seconds": 300,
            "kms_master_key_id": "",
            "max_message_size": 262144,
            "message_retention_seconds": 345600,
            "name": "temprature-sqs-queue",
            "name_prefix": "",
            "policy": "",
            "receive_wait_time_seconds": 0,
            "redrive_allow_policy": "",
            "redrive_policy": "{\"deadLetterTargetArn\":\"arn:aws:sqs:ap-southeast-1:905418148480:temprature-sqs-queue-dlq\",\"maxReceiveCount\":4}",
            "sqs_managed_sse_enabled": true,
            "tags": {},
            "tags_all": {},
            "url": "https://sqs.ap-southeast-1.amazonaws.com/905418148480/temprature-sqs-queue",
            "visibility_timeout_seconds": 30
          },
          "sensitive_attributes": [],
          "identity_schema_version": 0,
          "private": "bnVsbA==",
          "dependencies": [
            "aws_sqs_queue.sqs_dl_queue"
          ]
        }
      ]
    }
  ],
  "check_results": null
}
